
Microsoft Visual Studio Solution File, Format Version 12.00
# Visual Studio Version 17
VisualStudioVersion = 17.4.33205.214
MinimumVisualStudioVersion = 10.0.40219.1
Project("{888888A0-9F3D-457C-B088-3A5042F75D52}") = "object_detector", "object_detector\object_detector.pyproj", "{E30E0B04-9475-4B53-8090-AFAC492FB01C}"
EndProject
Global
	GlobalSection(SolutionConfigurationPlatforms) = preSolution
		Debug|Any CPU = Debug|Any CPU
		Release|Any CPU = Release|Any CPU
	EndGlobalSection
	GlobalSection(ProjectConfigurationPlatforms) = postSolution
		{E30E0B04-9475-4B53-8090-AFAC492FB01C}.Debug|Any CPU.ActiveCfg = Debug|Any CPU
		{E30E0B04-9475-4B53-8090-AFAC492FB01C}.Release|Any CPU.ActiveCfg = Release|Any CPU
	EndGlobalSection
	GlobalSection(SolutionProperties) = preSolution
		HideSolutionNode = FALSE
	EndGlobalSection
	GlobalSection(ExtensibilityGlobals) = postSolution
		SolutionGuid = {55EA46DC-D186-41F6-9CEB-B332E8FA2118}
	EndGlobalSection
EndGlobal
